// !$*UTF8*$!
{
	archiveVersion = 1;
	classes = {
	};
	objectVersion = 46;
	objects = {

/* Begin PBXBuildFile section */
		F1211DBC1BCE24D500739960 /* main.m in Sources */ = {isa = PBXBuildFile; fileRef = F1211DBB1BCE24D500739960 /* main.m */; };
		F1211DBF1BCE24D500739960 /* AppDelegate.m in Sources */ = {isa = PBXBuildFile; fileRef = F1211DBE1BCE24D500739960 /* AppDelegate.m */; };
		F1211DC21BCE24D500739960 /* PlaylistMasterViewController.m in Sources */ = {isa = PBXBuildFile; fileRef = F1211DC11BCE24D500739960 /* PlaylistMasterViewController.m */; };
		F1211DC51BCE24D600739960 /* Main.storyboard in Resources */ = {isa = PBXBuildFile; fileRef = F1211DC31BCE24D600739960 /* Main.storyboard */; };
		F1211DC71BCE24D600739960 /* Assets.xcassets in Resources */ = {isa = PBXBuildFile; fileRef = F1211DC61BCE24D600739960 /* Assets.xcassets */; };
		F1211DCA1BCE24D600739960 /* LaunchScreen.storyboard in Resources */ = {isa = PBXBuildFile; fileRef = F1211DC81BCE24D600739960 /* LaunchScreen.storyboard */; };
		F1211DD31BCE25A800739960 /* PlaylistDetailViewController.m in Sources */ = {isa = PBXBuildFile; fileRef = F1211DD21BCE25A800739960 /* PlaylistDetailViewController.m */; };
/* End PBXBuildFile section */

/* Begin PBXFileReference section */
		F1211DB71BCE24D500739960 /* masterdetail.app */ = {isa = PBXFileReference; explicitFileType = wrapper.application; includeInIndex = 0; path = masterdetail.app; sourceTree = BUILT_PRODUCTS_DIR; };
		F1211DBB1BCE24D500739960 /* main.m */ = {isa = PBXFileReference; lastKnownFileType = sourcecode.c.objc; path = main.m; sourceTree = "<group>"; };
		F1211DBD1BCE24D500739960 /* AppDelegate.h */ = {isa = PBXFileReference; lastKnownFileType = sourcecode.c.h; path = AppDelegate.h; sourceTree = "<group>"; };
		F1211DBE1BCE24D500739960 /* AppDelegate.m */ = {isa = PBXFileReference; lastKnownFileType = sourcecode.c.objc; path = AppDelegate.m; sourceTree = "<group>"; };
		F1211DC01BCE24D500739960 /* PlaylistMasterViewController.h */ = {isa = PBXFileReference; lastKnownFileType = sourcecode.c.h; path = PlaylistMasterViewController.h; sourceTree = "<group>"; };
		F1211DC11BCE24D500739960 /* PlaylistMasterViewController.m */ = {isa = PBXFileReference; lastKnownFileType = sourcecode.c.objc; path = PlaylistMasterViewController.m; sourceTree = "<group>"; };
		F1211DC41BCE24D600739960 /* Base */ = {isa = PBXFileReference; lastKnownFileType = file.storyboard; name = Base; path = Base.lproj/Main.storyboard; sourceTree = "<group>"; };
		F1211DC61BCE24D600739960 /* Assets.xcassets */ = {isa = PBXFileReference; lastKnownFileType = folder.assetcatalog; path = Assets.xcassets; sourceTree = "<group>"; };
		F1211DC91BCE24D600739960 /* Base */ = {isa = PBXFileReference; lastKnownFileType = file.storyboard; name = Base; path = Base.lproj/LaunchScreen.storyboard; sourceTree = "<group>"; };
		F1211DCB1BCE24D600739960 /* Info.plist */ = {isa = PBXFileReference; lastKnownFileType = text.plist.xml; path = Info.plist; sourceTree = "<group>"; };
		F1211DD11BCE25A800739960 /* PlaylistDetailViewController.h */ = {isa = PBXFileReference; fileEncoding = 4; lastKnownFileType = sourcecode.c.h; path = PlaylistDetailViewController.h; sourceTree = "<group>"; };
		F1211DD21BCE25A800739960 /* PlaylistDetailViewController.m */ = {isa = PBXFileReference; fileEncoding = 4; lastKnownFileType = sourcecode.c.objc; path = PlaylistDetailViewController.m; sourceTree = "<group>"; };
/* End PBXFileReference section */

/* Begin PBXFrameworksBuildPhase section */
		F1211DB41BCE24D500739960 /* Frameworks */ = {
			isa = PBXFrameworksBuildPhase;
			buildActionMask = 2147483647;
			files = (
			);
			runOnlyForDeploymentPostprocessing = 0;
		};
/* End PBXFrameworksBuildPhase section */

/* Begin PBXGroup section */
		F1211DAE1BCE24D500739960 = {
			isa = PBXGroup;
			children = (
				F1211DB91BCE24D500739960 /* masterdetail */,
				F1211DB81BCE24D500739960 /* Products */,
			);
			sourceTree = "<group>";
		};
		F1211DB81BCE24D500739960 /* Products */ = {
			isa = PBXGroup;
			children = (
				F1211DB71BCE24D500739960 /* masterdetail.app */,
			);
			name = Products;
			sourceTree = "<group>";
		};
		F1211DB91BCE24D500739960 /* masterdetail */ = {
			isa = PBXGroup;
			children = (
				F1211DBD1BCE24D500739960 /* AppDelegate.h */,
				F1211DBE1BCE24D500739960 /* AppDelegate.m */,
				F1211DC01BCE24D500739960 /* PlaylistMasterViewController.h */,
				F1211DC11BCE24D500739960 /* PlaylistMasterViewController.m */,
				F1211DD11BCE25A800739960 /* PlaylistDetailViewController.h */,
				F1211DD21BCE25A800739960 /* PlaylistDetailViewController.m */,
				F1211DC31BCE24D600739960 /* Main.storyboard */,
				F1211DC61BCE24D600739960 /* Assets.xcassets */,
				F1211DC81BCE24D600739960 /* LaunchScreen.storyboard */,
				F1211DCB1BCE24D600739960 /* Info.plist */,
				F1211DBA1BCE24D500739960 /* Supporting Files */,
			);
			path = masterdetail;
			sourceTree = "<group>";
		};
		F1211DBA1BCE24D500739960 /* Supporting Files */ = {
			isa = PBXGroup;
			children = (
				F1211DBB1BCE24D500739960 /* main.m */,
			);
			name = "Supporting Files";
			sourceTree = "<group>";
		};
/* End PBXGroup section */

/* Begin PBXNativeTarget section */
		F1211DB61BCE24D500739960 /* masterdetail */ = {
			isa = PBXNativeTarget;
			buildConfigurationList = F1211DCE1BCE24D600739960 /* Build configuration list for PBXNativeTarget "masterdetail" */;
			buildPhases = (
				F1211DB31BCE24D500739960 /* Sources */,
				F1211DB41BCE24D500739960 /* Frameworks */,
				F1211DB51BCE24D500739960 /* Resources */,
			);
			buildRules = (
			);
			dependencies = (
			);
			name = masterdetail;
			productName = masterdetail;
			productReference = F1211DB71BCE24D500739960 /* masterdetail.app */;
			productType = "com.apple.product-type.application";
		};
/* End PBXNativeTarget section */

/* Begin PBXProject section */
		F1211DAF1BCE24D500739960 /* Project object */ = {
			isa = PBXProject;
			attributes = {
				LastUpgradeCheck = 0700;
				ORGANIZATIONNAME = saurabh;
				TargetAttributes = {
					F1211DB61BCE24D500739960 = {
						CreatedOnToolsVersion = 7.0;
					};
				};
			};
			buildConfigurationList = F1211DB21BCE24D500739960 /* Build configuration list for PBXProject "masterdetail" */;
			compatibilityVersion = "Xcode 3.2";
			developmentRegion = English;
			hasScannedForEncodings = 0;
			knownRegions = (
				en,
				Base,
			);
			mainGroup = F1211DAE1BCE24D500739960;
			productRefGroup = F1211DB81BCE24D500739960 /* Products */;
			projectDirPath = "";
			projectRoot = "";
			targets = (
				F1211DB61BCE24D500739960 /* masterdetail */,
			);
		};
/* End PBXProject section */

/* Begin PBXResourcesBuildPhase section */
		F1211DB51BCE24D500739960 /* Resources */ = {
			isa = PBXResourcesBuildPhase;
			buildActionMask = 2147483647;
			files = (
				F1211DCA1BCE24D600739960 /* LaunchScreen.storyboard in Resources */,
				F1211DC71BCE24D600739960 /* Assets.xcassets in Resources */,
				F1211DC51BCE24D600739960 /* Main.storyboard in Resources */,
			);
			runOnlyForDeploymentPostprocessing = 0;
		};
/* End PBXResourcesBuildPhase section */

/* Begin PBXSourcesBuildPhase section */
		F1211DB31BCE24D500739960 /* Sources */ = {
			isa = PBXSourcesBuildPhase;
			buildActionMask = 2147483647;
			files = (
				F1211DD31BCE25A800739960 /* PlaylistDetailViewController.m in Sources */,
				F1211DC21BCE24D500739960 /* PlaylistMasterViewController.m in Sources */,
				F1211DBF1BCE24D500739960 /* AppDelegate.m in Sources */,
				F1211DBC1BCE24D500739960 /* main.m in Sources */,
			);
			runOnlyForDeploymentPostprocessing = 0;
		};
/* End PBXSourcesBuildPhase section */

/* Begin PBXVariantGroup section */
		F1211DC31BCE24D600739960 /* Main.storyboard */ = {
			isa = PBXVariantGroup;
			children = (
				F1211DC41BCE24D600739960 /* Base */,
			);
			name = Main.storyboard;
			sourceTree = "<group>";
		};
		F1211DC81BCE24D600739960 /* LaunchScreen.storyboard */ = {
			isa = PBXVariantGroup;
			children = (
				F1211DC91BCE24D600739960 /* Base */,
			);
			name = LaunchScreen.storyboard;
			sourceTree = "<group>";
		};
/* End PBXVariantGroup section */

/* Begin XCBuildConfiguration section */
		F1211DCC1BCE24D600739960 /* Debug */ = {
			isa = XCBuildConfiguration;
			buildSettings = {
				ALWAYS_SEARCH_USER_PATHS = NO;
				CLANG_CXX_LANGUAGE_STANDARD = "gnu++0x";
				CLANG_CXX_LIBRARY = "libc++";
				CLANG_ENABLE_MODULES = YES;
				CLANG_ENABLE_OBJC_ARC = YES;
				CLANG_WARN_BOOL_CONVERSION = YES;
				CLANG_WARN_CONSTANT_CONVERSION = YES;
				CLANG_WARN_DIRECT_OBJC_ISA_USAGE = YES_ERROR;
				CLANG_WARN_EMPTY_BODY = YES;
				CLANG_WARN_ENUM_CONVERSION = YES;
				CLANG_WARN_INT_CONVERSION = YES;
				CLANG_WARN_OBJC_ROOT_CLASS = YES_ERROR;
				CLANG_WARN_UNREACHABLE_CODE = YES;
				CLANG_WARN__DUPLICATE_METHOD_MATCH = YES;
				"CODE_SIGN_IDENTITY[sdk=iphoneos*]" = "iPhone Developer";
				COPY_PHASE_STRIP = NO;
				DEBUG_INFORMATION_FORMAT = dwarf;
				ENABLE_STRICT_OBJC_MSGSEND = YES;
				ENABLE_TESTABILITY = YES;
				GCC_C_LANGUAGE_STANDARD = gnu99;
				GCC_DYNAMIC_NO_PIC = NO;
				GCC_NO_COMMON_BLOCKS = YES;
				GCC_OPTIMIZATION_LEVEL = 0;
				GCC_PREPROCESSOR_DEFINITIONS = (
					"DEBUG=1",
					"$(inherited)",
				);
				GCC_WARN_64_TO_32_BIT_CONVERSION = YES;
				GCC_WARN_ABOUT_RETURN_TYPE = YES_ERROR;
				GCC_WARN_UNDECLARED_SELECTOR = YES;
				GCC_WARN_UNINITIALIZED_AUTOS = YES_AGGRESSIVE;
				GCC_WARN_UNUSED_FUNCTION = YES;
				GCC_WARN_UNUSED_VARIABLE = YES;
				IPHONEOS_DEPLOYMENT_TARGET = 9.0;
				MTL_ENABLE_DEBUG_INFO = YES;
				ONLY_ACTIVE_ARCH = YES;
				SDKROOT = iphoneos;
			};
			name = Debug;
		};
		F1211DCD1BCE24D600739960 /* Release */ = {
			isa = XCBuildConfiguration;
			buildSettings = {
				ALWAYS_SEARCH_USER_PATHS = NO;
				CLANG_CXX_LANGUAGE_STANDARD = "gnu++0x";
				CLANG_CXX_LIBRARY = "libc++";
				CLANG_ENABLE_MODULES = YES;
				CLANG_ENABLE_OBJC_ARC = YES;
				CLANG_WARN_BOOL_CONVERSION = YES;
				CLANG_WARN_CONSTANT_CONVERSION = YES;
				CLANG_WARN_DIRECT_OBJC_ISA_USAGE = YES_ERROR;
				CLANG_WARN_EMPTY_BODY = YES;
				CLANG_WARN_ENUM_CONVERSION = YES;
				CLANG_WARN_INT_CONVERSION = YES;
				CLANG_WARN_OBJC_ROOT_CLASS = YES_ERROR;
				CLANG_WARN_UNREACHABLE_CODE = YES;
				CLANG_WARN__DUPLICATE_METHOD_MATCH = YES;
				"CODE_SIGN_IDENTITY[sdk=iphoneos*]" = "iPhone Developer";
				COPY_PHASE_STRIP = NO;
				DEBUG_INFORMATION_FORMAT = "dwarf-with-dsym";
				ENABLE_NS_ASSERTIONS = NO;
				ENABLE_STRICT_OBJC_MSGSEND = YES;
				GCC_C_LANGUAGE_STANDARD = gnu99;
				GCC_NO_COMMON_BLOCKS = YES;
				GCC_WARN_64_TO_32_BIT_CONVERSION = YES;
				GCC_WARN_ABOUT_RETURN_TYPE = YES_ERROR;
				GCC_WARN_UNDECLARED_SELECTOR = YES;
				GCC_WARN_UNINITIALIZED_AUTOS = YES_AGGRESSIVE;
				GCC_WARN_UNUSED_FUNCTION = YES;
				GCC_WARN_UNUSED_VARIABLE = YES;
				IPHONEOS_DEPLOYMENT_TARGET = 9.0;
				MTL_ENABLE_DEBUG_INFO = NO;
				SDKROOT = iphoneos;
				VALIDATE_PRODUCT = YES;
			};
			name = Release;
		};
		F1211DCF1BCE24D600739960 /* Debug */ = {
			isa = XCBuildConfiguration;
			buildSettings = {
				ASSETCATALOG_COMPILER_APPICON_NAME = AppIcon;
				INFOPLIST_FILE = masterdetail/Info.plist;
				LD_RUNPATH_SEARCH_PATHS = "$(inherited) @executable_path/Frameworks";
				PRODUCT_BUNDLE_IDENTIFIER = kumarsaurabh.masterdetail;
				PRODUCT_NAME = "$(TARGET_NAME)";
			};
			name = Debug;
		};
		F1211DD01BCE24D600739960 /* Release */ = {
			isa = XCBuildConfiguration;
			buildSettings = {
				ASSETCATALOG_COMPILER_APPICON_NAME = AppIcon;
				INFOPLIST_FILE = masterdetail/Info.plist;
				LD_RUNPATH_SEARCH_PATHS = "$(inherited) @executable_path/Frameworks";
				PRODUCT_BUNDLE_IDENTIFIER = kumarsaurabh.masterdetail;
				PRODUCT_NAME = "$(TARGET_NAME)";
			};
			name = Release;
		};
/* End XCBuildConfiguration section */

/* Begin XCConfigurationList section */
		F1211DB21BCE24D500739960 /* Build configuration list for PBXProject "masterdetail" */ = {
			isa = XCConfigurationList;
			buildConfigurations = (
				F1211DCC1BCE24D600739960 /* Debug */,
				F1211DCD1BCE24D600739960 /* Release */,
			);
			defaultConfigurationIsVisible = 0;
			defaultConfigurationName = Release;
		};
		F1211DCE1BCE24D600739960 /* Build configuration list for PBXNativeTarget "masterdetail" */ = {
			isa = XCConfigurationList;
			buildConfigurations = (
				F1211DCF1BCE24D600739960 /* Debug */,
				F1211DD01BCE24D600739960 /* Release */,
			);
			defaultConfigurationIsVisible = 0;
			defaultConfigurationName = Release;
		};
/* End XCConfigurationList section */
	};
	rootObject = F1211DAF1BCE24D500739960 /* Project object */;
}
